{
  "version": 4,
  "terraform_version": "1.15.2",
  "serial": 7,
  "lineage": "efb09aa5-6a83-241c-5a9a-72beb14dd18e",
  "outputs": {},
  "resources": [
    {
      "mode": "managed",
      "type": "helm_release",
      "name": "server",
      "provider": "provider[\"registry.terraform.io/hashicorp/helm\"]",
      "instances": [
        {
          "schema_version": 2,
          "attributes": {
            "atomic": false,
            "chart": "../challenge-5/server-chart",
            "cleanup_on_fail": false,
            "create_namespace": true,
            "dependency_update": false,
            "description": null,
            "devel": null,
            "disable_crd_hooks": false,
            "disable_openapi_validation": false,
            "disable_webhooks": false,
            "force_update": false,
            "id": "server-chart",
            "keyring": null,
            "lint": false,
            "manifest": null,
            "max_history": 0,
            "metadata": {
              "app_version": "1.0.0",
              "chart": "server-chart",
              "first_deployed": 1779438083,
              "last_deployed": 1779438083,
              "name": "server-chart",
              "namespace": "orcrist",
              "notes": "",
              "revision": 1,
              "values": "{\"image\":{\"pullPolicy\":\"IfNotPresent\",\"repository\":\"dhi.io/python\",\"tag\":\"3.14-sfw-ent-dev\"},\"replicaCount\":1,\"resources\":{\"limits\":{\"cpu\":\"500m\",\"memory\":\"512Mi\"},\"requests\":{\"cpu\":\"250m\",\"memory\":\"256Mi\"}},\"service\":{\"port\":8080,\"type\":\"ClusterIP\"}}",
              "version": "0.1.0"
            },
            "name": "server-chart",
            "namespace": "orcrist",
            "pass_credentials": false,
            "postrender": null,
            "recreate_pods": false,
            "render_subchart_notes": true,
            "replace": false,
            "repository": null,
            "repository_ca_file": null,
            "repository_cert_file": null,
            "repository_key_file": null,
            "repository_password": null,
            "repository_username": null,
            "reset_values": false,
            "resources": null,
            "reuse_values": false,
            "set": null,
            "set_list": null,
            "set_sensitive": null,
            "set_wo": null,
            "set_wo_revision": null,
            "skip_crds": false,
            "status": "deployed",
            "take_ownership": false,
            "timeout": 300,
            "timeouts": null,
            "upgrade_install": false,
            "values": [
              "# Challenge 5: Complete this values file\n#\n# Define values for:\n# - image: repository, tag, pullPolicy\n# - replicaCount\n# - service: type, port\n# - resources (optional)\n#\n# Hint: The Python server listens on port 8080\n\nimage:\n  repository: dhi.io/python\n  tag: \"3.14-sfw-ent-dev\"\n  pullPolicy: IfNotPresent\n\nreplicaCount: 1\n\nservice:\n  type: ClusterIP\n  port: 8080\n\nresources:\n  limits:\n    cpu: \"500m\"\n    memory: \"512Mi\"\n  requests:\n    cpu: \"250m\"\n    memory: \"256Mi\"\n"
            ],
            "verify": false,
            "version": "0.1.0",
            "wait": true,
            "wait_for_jobs": false
          },
          "sensitive_attributes": [
            [
              {
                "type": "get_attr",
                "value": "repository_password"
              }
            ]
          ],
          "identity_schema_version": 0,
          "identity": {
            "namespace": "orcrist",
            "release_name": "server-chart"
          }
        }
      ]
    }
  ],
  "check_results": null
}
